
Microsoft Visual Studio Solution File, Format Version 12.00
# Visual Studio 15
VisualStudioVersion = 15.0.26711.1
MinimumVisualStudioVersion = 10.0.40219.1
Project("{9A19103F-16F7-4668-BE54-9A1E7A4F7556}") = "SVC.WebAPI", "SVC.WebAPI\SVC.WebAPI.csproj", "{6B29AF5F-3F67-4A4A-B27F-5BAE0FC53C36}"
EndProject
Project("{E53339B2-1760-4266-BCC7-CA923CBCF16C}") = "docker-compose", "docker-compose.dcproj", "{F45B90E7-EA90-4D66-9789-149D999326C2}"
EndProject
Project("{9A19103F-16F7-4668-BE54-9A1E7A4F7556}") = "SVC.Lib", "..\SVC.Lib\SVC.Lib.csproj", "{4DBD7039-B56D-4F72-9ED8-F43BDF237BD9}"
EndProject
Project("{FAE04EC0-301F-11D3-BF4B-00C04F79EFBC}") = "SVC.Data", "SVC.Data\SVC.Data.csproj", "{FE750A84-D00E-482C-AA8D-DA6355F4991D}"
EndProject
Global
	GlobalSection(SolutionConfigurationPlatforms) = preSolution
		Debug|Any CPU = Debug|Any CPU
		Release|Any CPU = Release|Any CPU
	EndGlobalSection
	GlobalSection(ProjectConfigurationPlatforms) = postSolution
		{6B29AF5F-3F67-4A4A-B27F-5BAE0FC53C36}.Debug|Any CPU.ActiveCfg = Debug|Any CPU
		{6B29AF5F-3F67-4A4A-B27F-5BAE0FC53C36}.Debug|Any CPU.Build.0 = Debug|Any CPU
		{6B29AF5F-3F67-4A4A-B27F-5BAE0FC53C36}.Release|Any CPU.ActiveCfg = Release|Any CPU
		{6B29AF5F-3F67-4A4A-B27F-5BAE0FC53C36}.Release|Any CPU.Build.0 = Release|Any CPU
		{F45B90E7-EA90-4D66-9789-149D999326C2}.Debug|Any CPU.ActiveCfg = Debug|Any CPU
		{F45B90E7-EA90-4D66-9789-149D999326C2}.Debug|Any CPU.Build.0 = Debug|Any CPU
		{F45B90E7-EA90-4D66-9789-149D999326C2}.Release|Any CPU.ActiveCfg = Release|Any CPU
		{F45B90E7-EA90-4D66-9789-149D999326C2}.Release|Any CPU.Build.0 = Release|Any CPU
		{4DBD7039-B56D-4F72-9ED8-F43BDF237BD9}.Debug|Any CPU.ActiveCfg = Debug|Any CPU
		{4DBD7039-B56D-4F72-9ED8-F43BDF237BD9}.Debug|Any CPU.Build.0 = Debug|Any CPU
		{4DBD7039-B56D-4F72-9ED8-F43BDF237BD9}.Release|Any CPU.ActiveCfg = Release|Any CPU
		{4DBD7039-B56D-4F72-9ED8-F43BDF237BD9}.Release|Any CPU.Build.0 = Release|Any CPU
		{FE750A84-D00E-482C-AA8D-DA6355F4991D}.Debug|Any CPU.ActiveCfg = Debug|Any CPU
		{FE750A84-D00E-482C-AA8D-DA6355F4991D}.Debug|Any CPU.Build.0 = Debug|Any CPU
		{FE750A84-D00E-482C-AA8D-DA6355F4991D}.Release|Any CPU.ActiveCfg = Release|Any CPU
		{FE750A84-D00E-482C-AA8D-DA6355F4991D}.Release|Any CPU.Build.0 = Release|Any CPU
	EndGlobalSection
	GlobalSection(SolutionProperties) = preSolution
		HideSolutionNode = FALSE
	EndGlobalSection
	GlobalSection(ExtensibilityGlobals) = postSolution
		SolutionGuid = {9F2B8285-85A4-4F21-BD25-3C464EA61560}
	EndGlobalSection
EndGlobal
